// !$*UTF8*$!
{
	archiveVersion = 1;
	classes = {
	};
	objectVersion = 50;
	objects = {

/* Begin PBXBuildFile section */
		7E0C4280239BFC22008FAFFA /* DanceHealthTrack WatchKit App.app in Embed Watch Content */ = {isa = PBXBuildFile; fileRef = 7E0C427F239BFC22008FAFFA /* DanceHealthTrack WatchKit App.app */; settings = {ATTRIBUTES = (RemoveHeadersOnCopy, ); }; };
		7E0C4286239BFC22008FAFFA /* Interface.storyboard in Resources */ = {isa = PBXBuildFile; fileRef = 7E0C4284239BFC22008FAFFA /* Interface.storyboard */; };
		7E0C4288239BFC24008FAFFA /* Assets.xcassets in Resources */ = {isa = PBXBuildFile; fileRef = 7E0C4287239BFC24008FAFFA /* Assets.xcassets */; };
		7E0C428F239BFC24008FAFFA /* DanceHealthTrack WatchKit Extension.appex in Embed App Extensions */ = {isa = PBXBuildFile; fileRef = 7E0C428E239BFC24008FAFFA /* DanceHealthTrack WatchKit Extension.appex */; settings = {ATTRIBUTES = (RemoveHeadersOnCopy, ); }; };
		7E0C4294239BFC24008FAFFA /* InterfaceController.swift in Sources */ = {isa = PBXBuildFile; fileRef = 7E0C4293239BFC24008FAFFA /* InterfaceController.swift */; };
		7E0C4296239BFC24008FAFFA /* ExtensionDelegate.swift in Sources */ = {isa = PBXBuildFile; fileRef = 7E0C4295239BFC24008FAFFA /* ExtensionDelegate.swift */; };
		7E0C4298239BFC24008FAFFA /* NotificationController.swift in Sources */ = {isa = PBXBuildFile; fileRef = 7E0C4297239BFC24008FAFFA /* NotificationController.swift */; };
		7E0C429A239BFC25008FAFFA /* Assets.xcassets in Resources */ = {isa = PBXBuildFile; fileRef = 7E0C4299239BFC25008FAFFA /* Assets.xcassets */; };
		7E0C42AD239BFC8C008FAFFA /* startDanceView.swift in Sources */ = {isa = PBXBuildFile; fileRef = 7E0C42AC239BFC8C008FAFFA /* startDanceView.swift */; };
		7E0C42B1239BFD25008FAFFA /* HealthKit.framework in Frameworks */ = {isa = PBXBuildFile; fileRef = 7E0C42B0239BFD24008FAFFA /* HealthKit.framework */; };
		7E0C42B3239C007A008FAFFA /* danceTracking.swift in Sources */ = {isa = PBXBuildFile; fileRef = 7E0C42B2239C007A008FAFFA /* danceTracking.swift */; };
		7E0C42B5239C0088008FAFFA /* resultsView.swift in Sources */ = {isa = PBXBuildFile; fileRef = 7E0C42B4239C0088008FAFFA /* resultsView.swift */; };
/* End PBXBuildFile section */

/* Begin PBXContainerItemProxy section */
		7E0C4281239BFC22008FAFFA /* PBXContainerItemProxy */ = {
			isa = PBXContainerItemProxy;
			containerPortal = 7E0C4275239BFC22008FAFFA /* Project object */;
			proxyType = 1;
			remoteGlobalIDString = 7E0C427E239BFC22008FAFFA;
			remoteInfo = "DanceHealthTrack WatchKit App";
		};
		7E0C4290239BFC24008FAFFA /* PBXContainerItemProxy */ = {
			isa = PBXContainerItemProxy;
			containerPortal = 7E0C4275239BFC22008FAFFA /* Project object */;
			proxyType = 1;
			remoteGlobalIDString = 7E0C428D239BFC24008FAFFA;
			remoteInfo = "DanceHealthTrack WatchKit Extension";
		};
/* End PBXContainerItemProxy section */

/* Begin PBXCopyFilesBuildPhase section */
		7E0C42A2239BFC25008FAFFA /* Embed App Extensions */ = {
			isa = PBXCopyFilesBuildPhase;
			buildActionMask = 2147483647;
			dstPath = "";
			dstSubfolderSpec = 13;
			files = (
				7E0C428F239BFC24008FAFFA /* DanceHealthTrack WatchKit Extension.appex in Embed App Extensions */,
			);
			name = "Embed App Extensions";
			runOnlyForDeploymentPostprocessing = 0;
		};
		7E0C42A6239BFC25008FAFFA /* Embed Watch Content */ = {
			isa = PBXCopyFilesBuildPhase;
			buildActionMask = 2147483647;
			dstPath = "$(CONTENTS_FOLDER_PATH)/Watch";
			dstSubfolderSpec = 16;
			files = (
				7E0C4280239BFC22008FAFFA /* DanceHealthTrack WatchKit App.app in Embed Watch Content */,
			);
			name = "Embed Watch Content";
			runOnlyForDeploymentPostprocessing = 0;
		};
/* End PBXCopyFilesBuildPhase section */

/* Begin PBXFileReference section */
		7E0C427B239BFC22008FAFFA /* DanceHealthTrack.app */ = {isa = PBXFileReference; explicitFileType = wrapper.application; includeInIndex = 0; path = DanceHealthTrack.app; sourceTree = BUILT_PRODUCTS_DIR; };
		7E0C427F239BFC22008FAFFA /* DanceHealthTrack WatchKit App.app */ = {isa = PBXFileReference; explicitFileType = wrapper.application; includeInIndex = 0; path = "DanceHealthTrack WatchKit App.app"; sourceTree = BUILT_PRODUCTS_DIR; };
		7E0C4285239BFC22008FAFFA /* Base */ = {isa = PBXFileReference; lastKnownFileType = file.storyboard; name = Base; path = Base.lproj/Interface.storyboard; sourceTree = "<group>"; };
		7E0C4287239BFC24008FAFFA /* Assets.xcassets */ = {isa = PBXFileReference; lastKnownFileType = folder.assetcatalog; path = Assets.xcassets; sourceTree = "<group>"; };
		7E0C4289239BFC24008FAFFA /* Info.plist */ = {isa = PBXFileReference; lastKnownFileType = text.plist.xml; path = Info.plist; sourceTree = "<group>"; };
		7E0C428E239BFC24008FAFFA /* DanceHealthTrack WatchKit Extension.appex */ = {isa = PBXFileReference; explicitFileType = "wrapper.app-extension"; includeInIndex = 0; path = "DanceHealthTrack WatchKit Extension.appex"; sourceTree = BUILT_PRODUCTS_DIR; };
		7E0C4293239BFC24008FAFFA /* InterfaceController.swift */ = {isa = PBXFileReference; lastKnownFileType = sourcecode.swift; path = InterfaceController.swift; sourceTree = "<group>"; };
		7E0C4295239BFC24008FAFFA /* ExtensionDelegate.swift */ = {isa = PBXFileReference; lastKnownFileType = sourcecode.swift; path = ExtensionDelegate.swift; sourceTree = "<group>"; };
		7E0C4297239BFC24008FAFFA /* NotificationController.swift */ = {isa = PBXFileReference; lastKnownFileType = sourcecode.swift; path = NotificationController.swift; sourceTree = "<group>"; };
		7E0C4299239BFC25008FAFFA /* Assets.xcassets */ = {isa = PBXFileReference; lastKnownFileType = folder.assetcatalog; path = Assets.xcassets; sourceTree = "<group>"; };
		7E0C429B239BFC25008FAFFA /* Info.plist */ = {isa = PBXFileReference; lastKnownFileType = text.plist.xml; path = Info.plist; sourceTree = "<group>"; };
		7E0C429C239BFC25008FAFFA /* PushNotificationPayload.apns */ = {isa = PBXFileReference; lastKnownFileType = text; path = PushNotificationPayload.apns; sourceTree = "<group>"; };
		7E0C42AC239BFC8C008FAFFA /* startDanceView.swift */ = {isa = PBXFileReference; lastKnownFileType = sourcecode.swift; path = startDanceView.swift; sourceTree = "<group>"; };
		7E0C42AE239BFD24008FAFFA /* DanceHealthTrack WatchKit Extension.entitlements */ = {isa = PBXFileReference; lastKnownFileType = text.plist.entitlements; path = "DanceHealthTrack WatchKit Extension.entitlements"; sourceTree = "<group>"; };
		7E0C42B0239BFD24008FAFFA /* HealthKit.framework */ = {isa = PBXFileReference; lastKnownFileType = wrapper.framework; name = HealthKit.framework; path = Platforms/WatchOS.platform/Developer/SDKs/WatchOS6.0.sdk/System/Library/Frameworks/HealthKit.framework; sourceTree = DEVELOPER_DIR; };
		7E0C42B2239C007A008FAFFA /* danceTracking.swift */ = {isa = PBXFileReference; lastKnownFileType = sourcecode.swift; path = danceTracking.swift; sourceTree = "<group>"; };
		7E0C42B4239C0088008FAFFA /* resultsView.swift */ = {isa = PBXFileReference; lastKnownFileType = sourcecode.swift; path = resultsView.swift; sourceTree = "<group>"; };
/* End PBXFileReference section */

/* Begin PBXFrameworksBuildPhase section */
		7E0C428B239BFC24008FAFFA /* Frameworks */ = {
			isa = PBXFrameworksBuildPhase;
			buildActionMask = 2147483647;
			files = (
				7E0C42B1239BFD25008FAFFA /* HealthKit.framework in Frameworks */,
			);
			runOnlyForDeploymentPostprocessing = 0;
		};
/* End PBXFrameworksBuildPhase section */

/* Begin PBXGroup section */
		7E0C4274239BFC22008FAFFA = {
			isa = PBXGroup;
			children = (
				7E0C4283239BFC22008FAFFA /* DanceHealthTrack WatchKit App */,
				7E0C4292239BFC24008FAFFA /* DanceHealthTrack WatchKit Extension */,
				7E0C427C239BFC22008FAFFA /* Products */,
				7E0C42AF239BFD24008FAFFA /* Frameworks */,
			);
			sourceTree = "<group>";
		};
		7E0C427C239BFC22008FAFFA /* Products */ = {
			isa = PBXGroup;
			children = (
				7E0C427B239BFC22008FAFFA /* DanceHealthTrack.app */,
				7E0C427F239BFC22008FAFFA /* DanceHealthTrack WatchKit App.app */,
				7E0C428E239BFC24008FAFFA /* DanceHealthTrack WatchKit Extension.appex */,
			);
			name = Products;
			sourceTree = "<group>";
		};
		7E0C4283239BFC22008FAFFA /* DanceHealthTrack WatchKit App */ = {
			isa = PBXGroup;
			children = (
				7E0C4284239BFC22008FAFFA /* Interface.storyboard */,
				7E0C4287239BFC24008FAFFA /* Assets.xcassets */,
				7E0C4289239BFC24008FAFFA /* Info.plist */,
			);
			path = "DanceHealthTrack WatchKit App";
			sourceTree = "<group>";
		};
		7E0C4292239BFC24008FAFFA /* DanceHealthTrack WatchKit Extension */ = {
			isa = PBXGroup;
			children = (
				7E0C42AE239BFD24008FAFFA /* DanceHealthTrack WatchKit Extension.entitlements */,
				7E0C4293239BFC24008FAFFA /* InterfaceController.swift */,
				7E0C4295239BFC24008FAFFA /* ExtensionDelegate.swift */,
				7E0C4297239BFC24008FAFFA /* NotificationController.swift */,
				7E0C4299239BFC25008FAFFA /* Assets.xcassets */,
				7E0C429B239BFC25008FAFFA /* Info.plist */,
				7E0C429C239BFC25008FAFFA /* PushNotificationPayload.apns */,
				7E0C42AC239BFC8C008FAFFA /* startDanceView.swift */,
				7E0C42B2239C007A008FAFFA /* danceTracking.swift */,
				7E0C42B4239C0088008FAFFA /* resultsView.swift */,
			);
			path = "DanceHealthTrack WatchKit Extension";
			sourceTree = "<group>";
		};
		7E0C42AF239BFD24008FAFFA /* Frameworks */ = {
			isa = PBXGroup;
			children = (
				7E0C42B0239BFD24008FAFFA /* HealthKit.framework */,
			);
			name = Frameworks;
			sourceTree = "<group>";
		};
/* End PBXGroup section */

/* Begin PBXNativeTarget section */
		7E0C427A239BFC22008FAFFA /* DanceHealthTrack */ = {
			isa = PBXNativeTarget;
			buildConfigurationList = 7E0C42A7239BFC25008FAFFA /* Build configuration list for PBXNativeTarget "DanceHealthTrack" */;
			buildPhases = (
				7E0C4279239BFC22008FAFFA /* Resources */,
				7E0C42A6239BFC25008FAFFA /* Embed Watch Content */,
			);
			buildRules = (
			);
			dependencies = (
				7E0C4282239BFC22008FAFFA /* PBXTargetDependency */,
			);
			name = DanceHealthTrack;
			productName = DanceHealthTrack;
			productReference = 7E0C427B239BFC22008FAFFA /* DanceHealthTrack.app */;
			productType = "com.apple.product-type.application.watchapp2-container";
		};
		7E0C427E239BFC22008FAFFA /* DanceHealthTrack WatchKit App */ = {
			isa = PBXNativeTarget;
			buildConfigurationList = 7E0C42A3239BFC25008FAFFA /* Build configuration list for PBXNativeTarget "DanceHealthTrack WatchKit App" */;
			buildPhases = (
				7E0C427D239BFC22008FAFFA /* Resources */,
				7E0C42A2239BFC25008FAFFA /* Embed App Extensions */,
			);
			buildRules = (
			);
			dependencies = (
				7E0C4291239BFC24008FAFFA /* PBXTargetDependency */,
			);
			name = "DanceHealthTrack WatchKit App";
			productName = "DanceHealthTrack WatchKit App";
			productReference = 7E0C427F239BFC22008FAFFA /* DanceHealthTrack WatchKit App.app */;
			productType = "com.apple.product-type.application.watchapp2";
		};
		7E0C428D239BFC24008FAFFA /* DanceHealthTrack WatchKit Extension */ = {
			isa = PBXNativeTarget;
			buildConfigurationList = 7E0C429F239BFC25008FAFFA /* Build configuration list for PBXNativeTarget "DanceHealthTrack WatchKit Extension" */;
			buildPhases = (
				7E0C428A239BFC24008FAFFA /* Sources */,
				7E0C428B239BFC24008FAFFA /* Frameworks */,
				7E0C428C239BFC24008FAFFA /* Resources */,
			);
			buildRules = (
			);
			dependencies = (
			);
			name = "DanceHealthTrack WatchKit Extension";
			productName = "DanceHealthTrack WatchKit Extension";
			productReference = 7E0C428E239BFC24008FAFFA /* DanceHealthTrack WatchKit Extension.appex */;
			productType = "com.apple.product-type.watchkit2-extension";
		};
/* End PBXNativeTarget section */

/* Begin PBXProject section */
		7E0C4275239BFC22008FAFFA /* Project object */ = {
			isa = PBXProject;
			attributes = {
				LastSwiftUpdateCheck = 1110;
				LastUpgradeCheck = 1110;
				ORGANIZATIONNAME = Team32;
				TargetAttributes = {
					7E0C427A239BFC22008FAFFA = {
						CreatedOnToolsVersion = 11.1;
					};
					7E0C427E239BFC22008FAFFA = {
						CreatedOnToolsVersion = 11.1;
					};
					7E0C428D239BFC24008FAFFA = {
						CreatedOnToolsVersion = 11.1;
					};
				};
			};
			buildConfigurationList = 7E0C4278239BFC22008FAFFA /* Build configuration list for PBXProject "DanceHealthTrack" */;
			compatibilityVersion = "Xcode 9.3";
			developmentRegion = en;
			hasScannedForEncodings = 0;
			knownRegions = (
				en,
				Base,
			);
			mainGroup = 7E0C4274239BFC22008FAFFA;
			productRefGroup = 7E0C427C239BFC22008FAFFA /* Products */;
			projectDirPath = "";
			projectRoot = "";
			targets = (
				7E0C427A239BFC22008FAFFA /* DanceHealthTrack */,
				7E0C427E239BFC22008FAFFA /* DanceHealthTrack WatchKit App */,
				7E0C428D239BFC24008FAFFA /* DanceHealthTrack WatchKit Extension */,
			);
		};
/* End PBXProject section */

/* Begin PBXResourcesBuildPhase section */
		7E0C4279239BFC22008FAFFA /* Resources */ = {
			isa = PBXResourcesBuildPhase;
			buildActionMask = 2147483647;
			files = (
			);
			runOnlyForDeploymentPostprocessing = 0;
		};
		7E0C427D239BFC22008FAFFA /* Resources */ = {
			isa = PBXResourcesBuildPhase;
			buildActionMask = 2147483647;
			files = (
				7E0C4288239BFC24008FAFFA /* Assets.xcassets in Resources */,
				7E0C4286239BFC22008FAFFA /* Interface.storyboard in Resources */,
			);
			runOnlyForDeploymentPostprocessing = 0;
		};
		7E0C428C239BFC24008FAFFA /* Resources */ = {
			isa = PBXResourcesBuildPhase;
			buildActionMask = 2147483647;
			files = (
				7E0C429A239BFC25008FAFFA /* Assets.xcassets in Resources */,
			);
			runOnlyForDeploymentPostprocessing = 0;
		};
/* End PBXResourcesBuildPhase section */

/* Begin PBXSourcesBuildPhase section */
		7E0C428A239BFC24008FAFFA /* Sources */ = {
			isa = PBXSourcesBuildPhase;
			buildActionMask = 2147483647;
			files = (
				7E0C4298239BFC24008FAFFA /* NotificationController.swift in Sources */,
				7E0C42B5239C0088008FAFFA /* resultsView.swift in Sources */,
				7E0C42B3239C007A008FAFFA /* danceTracking.swift in Sources */,
				7E0C4296239BFC24008FAFFA /* ExtensionDelegate.swift in Sources */,
				7E0C4294239BFC24008FAFFA /* InterfaceController.swift in Sources */,
				7E0C42AD239BFC8C008FAFFA /* startDanceView.swift in Sources */,
			);
			runOnlyForDeploymentPostprocessing = 0;
		};
/* End PBXSourcesBuildPhase section */

/* Begin PBXTargetDependency section */
		7E0C4282239BFC22008FAFFA /* PBXTargetDependency */ = {
			isa = PBXTargetDependency;
			target = 7E0C427E239BFC22008FAFFA /* DanceHealthTrack WatchKit App */;
			targetProxy = 7E0C4281239BFC22008FAFFA /* PBXContainerItemProxy */;
		};
		7E0C4291239BFC24008FAFFA /* PBXTargetDependency */ = {
			isa = PBXTargetDependency;
			target = 7E0C428D239BFC24008FAFFA /* DanceHealthTrack WatchKit Extension */;
			targetProxy = 7E0C4290239BFC24008FAFFA /* PBXContainerItemProxy */;
		};
/* End PBXTargetDependency section */

/* Begin PBXVariantGroup section */
		7E0C4284239BFC22008FAFFA /* Interface.storyboard */ = {
			isa = PBXVariantGroup;
			children = (
				7E0C4285239BFC22008FAFFA /* Base */,
			);
			name = Interface.storyboard;
			sourceTree = "<group>";
		};
/* End PBXVariantGroup section */

/* Begin XCBuildConfiguration section */
		7E0C429D239BFC25008FAFFA /* Debug */ = {
			isa = XCBuildConfiguration;
			buildSettings = {
				ALWAYS_SEARCH_USER_PATHS = NO;
				CLANG_ANALYZER_NONNULL = YES;
				CLANG_ANALYZER_NUMBER_OBJECT_CONVERSION = YES_AGGRESSIVE;
				CLANG_CXX_LANGUAGE_STANDARD = "gnu++14";
				CLANG_CXX_LIBRARY = "libc++";
				CLANG_ENABLE_MODULES = YES;
				CLANG_ENABLE_OBJC_ARC = YES;
				CLANG_ENABLE_OBJC_WEAK = YES;
				CLANG_WARN_BLOCK_CAPTURE_AUTORELEASING = YES;
				CLANG_WARN_BOOL_CONVERSION = YES;
				CLANG_WARN_COMMA = YES;
				CLANG_WARN_CONSTANT_CONVERSION = YES;
				CLANG_WARN_DEPRECATED_OBJC_IMPLEMENTATIONS = YES;
				CLANG_WARN_DIRECT_OBJC_ISA_USAGE = YES_ERROR;
				CLANG_WARN_DOCUMENTATION_COMMENTS = YES;
				CLANG_WARN_EMPTY_BODY = YES;
				CLANG_WARN_ENUM_CONVERSION = YES;
				CLANG_WARN_INFINITE_RECURSION = YES;
				CLANG_WARN_INT_CONVERSION = YES;
				CLANG_WARN_NON_LITERAL_NULL_CONVERSION = YES;
				CLANG_WARN_OBJC_IMPLICIT_RETAIN_SELF = YES;
				CLANG_WARN_OBJC_LITERAL_CONVERSION = YES;
				CLANG_WARN_OBJC_ROOT_CLASS = YES_ERROR;
				CLANG_WARN_RANGE_LOOP_ANALYSIS = YES;
				CLANG_WARN_STRICT_PROTOTYPES = YES;
				CLANG_WARN_SUSPICIOUS_MOVE = YES;
				CLANG_WARN_UNGUARDED_AVAILABILITY = YES_AGGRESSIVE;
				CLANG_WARN_UNREACHABLE_CODE = YES;
				CLANG_WARN__DUPLICATE_METHOD_MATCH = YES;
				COPY_PHASE_STRIP = NO;
				DEBUG_INFORMATION_FORMAT = dwarf;
				ENABLE_STRICT_OBJC_MSGSEND = YES;
				ENABLE_TESTABILITY = YES;
				GCC_C_LANGUAGE_STANDARD = gnu11;
				GCC_DYNAMIC_NO_PIC = NO;
				GCC_NO_COMMON_BLOCKS = YES;
				GCC_OPTIMIZATION_LEVEL = 0;
				GCC_PREPROCESSOR_DEFINITIONS = (
					"DEBUG=1",
					"$(inherited)",
				);
				GCC_WARN_64_TO_32_BIT_CONVERSION = YES;
				GCC_WARN_ABOUT_RETURN_TYPE = YES_ERROR;
				GCC_WARN_UNDECLARED_SELECTOR = YES;
				GCC_WARN_UNINITIALIZED_AUTOS = YES_AGGRESSIVE;
				GCC_WARN_UNUSED_FUNCTION = YES;
				GCC_WARN_UNUSED_VARIABLE = YES;
				MTL_ENABLE_DEBUG_INFO = INCLUDE_SOURCE;
				MTL_FAST_MATH = YES;
				ONLY_ACTIVE_ARCH = YES;
				SDKROOT = iphoneos;
				SWIFT_ACTIVE_COMPILATION_CONDITIONS = DEBUG;
				SWIFT_OPTIMIZATION_LEVEL = "-Onone";
			};
			name = Debug;
		};
		7E0C429E239BFC25008FAFFA /* Release */ = {
			isa = XCBuildConfiguration;
			buildSettings = {
				ALWAYS_SEARCH_USER_PATHS = NO;
				CLANG_ANALYZER_NONNULL = YES;
				CLANG_ANALYZER_NUMBER_OBJECT_CONVERSION = YES_AGGRESSIVE;
				CLANG_CXX_LANGUAGE_STANDARD = "gnu++14";
				CLANG_CXX_LIBRARY = "libc++";
				CLANG_ENABLE_MODULES = YES;
				CLANG_ENABLE_OBJC_ARC = YES;
				CLANG_ENABLE_OBJC_WEAK = YES;
				CLANG_WARN_BLOCK_CAPTURE_AUTORELEASING = YES;
				CLANG_WARN_BOOL_CONVERSION = YES;
				CLANG_WARN_COMMA = YES;
				CLANG_WARN_CONSTANT_CONVERSION = YES;
				CLANG_WARN_DEPRECATED_OBJC_IMPLEMENTATIONS = YES;
				CLANG_WARN_DIRECT_OBJC_ISA_USAGE = YES_ERROR;
				CLANG_WARN_DOCUMENTATION_COMMENTS = YES;
				CLANG_WARN_EMPTY_BODY = YES;
				CLANG_WARN_ENUM_CONVERSION = YES;
				CLANG_WARN_INFINITE_RECURSION = YES;
				CLANG_WARN_INT_CONVERSION = YES;
				CLANG_WARN_NON_LITERAL_NULL_CONVERSION = YES;
				CLANG_WARN_OBJC_IMPLICIT_RETAIN_SELF = YES;
				CLANG_WARN_OBJC_LITERAL_CONVERSION = YES;
				CLANG_WARN_OBJC_ROOT_CLASS = YES_ERROR;
				CLANG_WARN_RANGE_LOOP_ANALYSIS = YES;
				CLANG_WARN_STRICT_PROTOTYPES = YES;
				CLANG_WARN_SUSPICIOUS_MOVE = YES;
				CLANG_WARN_UNGUARDED_AVAILABILITY = YES_AGGRESSIVE;
				CLANG_WARN_UNREACHABLE_CODE = YES;
				CLANG_WARN__DUPLICATE_METHOD_MATCH = YES;
				COPY_PHASE_STRIP = NO;
				DEBUG_INFORMATION_FORMAT = "dwarf-with-dsym";
				ENABLE_NS_ASSERTIONS = NO;
				ENABLE_STRICT_OBJC_MSGSEND = YES;
				GCC_C_LANGUAGE_STANDARD = gnu11;
				GCC_NO_COMMON_BLOCKS = YES;
				GCC_WARN_64_TO_32_BIT_CONVERSION = YES;
				GCC_WARN_ABOUT_RETURN_TYPE = YES_ERROR;
				GCC_WARN_UNDECLARED_SELECTOR = YES;
				GCC_WARN_UNINITIALIZED_AUTOS = YES_AGGRESSIVE;
				GCC_WARN_UNUSED_FUNCTION = YES;
				GCC_WARN_UNUSED_VARIABLE = YES;
				MTL_ENABLE_DEBUG_INFO = NO;
				MTL_FAST_MATH = YES;
				SDKROOT = iphoneos;
				SWIFT_COMPILATION_MODE = wholemodule;
				SWIFT_OPTIMIZATION_LEVEL = "-O";
				VALIDATE_PRODUCT = YES;
			};
			name = Release;
		};
		7E0C42A0239BFC25008FAFFA /* Debug */ = {
			isa = XCBuildConfiguration;
			buildSettings = {
				ASSETCATALOG_COMPILER_COMPLICATION_NAME = Complication;
				CODE_SIGN_ENTITLEMENTS = "DanceHealthTrack WatchKit Extension/DanceHealthTrack WatchKit Extension.entitlements";
				CODE_SIGN_STYLE = Automatic;
				DEVELOPMENT_TEAM = 3M86338C96;
				INFOPLIST_FILE = "DanceHealthTrack WatchKit Extension/Info.plist";
				LD_RUNPATH_SEARCH_PATHS = (
					"$(inherited)",
					"@executable_path/Frameworks",
					"@executable_path/../../Frameworks",
				);
				PRODUCT_BUNDLE_IDENTIFIER = Team32.DanceHealth.DanceHealthTrack.watchkitapp.watchkitextension;
				PRODUCT_NAME = "${TARGET_NAME}";
				SDKROOT = watchos;
				SKIP_INSTALL = YES;
				SWIFT_VERSION = 5.0;
				TARGETED_DEVICE_FAMILY = 4;
				WATCHOS_DEPLOYMENT_TARGET = 6.0;
			};
			name = Debug;
		};
		7E0C42A1239BFC25008FAFFA /* Release */ = {
			isa = XCBuildConfiguration;
			buildSettings = {
				ASSETCATALOG_COMPILER_COMPLICATION_NAME = Complication;
				CODE_SIGN_ENTITLEMENTS = "DanceHealthTrack WatchKit Extension/DanceHealthTrack WatchKit Extension.entitlements";
				CODE_SIGN_STYLE = Automatic;
				DEVELOPMENT_TEAM = 3M86338C96;
				INFOPLIST_FILE = "DanceHealthTrack WatchKit Extension/Info.plist";
				LD_RUNPATH_SEARCH_PATHS = (
					"$(inherited)",
					"@executable_path/Frameworks",
					"@executable_path/../../Frameworks",
				);
				PRODUCT_BUNDLE_IDENTIFIER = Team32.DanceHealth.DanceHealthTrack.watchkitapp.watchkitextension;
				PRODUCT_NAME = "${TARGET_NAME}";
				SDKROOT = watchos;
				SKIP_INSTALL = YES;
				SWIFT_VERSION = 5.0;
				TARGETED_DEVICE_FAMILY = 4;
				WATCHOS_DEPLOYMENT_TARGET = 6.0;
			};
			name = Release;
		};
		7E0C42A4239BFC25008FAFFA /* Debug */ = {
			isa = XCBuildConfiguration;
			buildSettings = {
				ALWAYS_EMBED_SWIFT_STANDARD_LIBRARIES = YES;
				ASSETCATALOG_COMPILER_APPICON_NAME = AppIcon;
				CODE_SIGN_STYLE = Automatic;
				DEVELOPMENT_TEAM = 3M86338C96;
				IBSC_MODULE = DanceHealthTrack_WatchKit_Extension;
				INFOPLIST_FILE = "DanceHealthTrack WatchKit App/Info.plist";
				PRODUCT_BUNDLE_IDENTIFIER = Team32.DanceHealth.DanceHealthTrack.watchkitapp;
				PRODUCT_NAME = "$(TARGET_NAME)";
				SDKROOT = watchos;
				SKIP_INSTALL = YES;
				SWIFT_VERSION = 5.0;
				TARGETED_DEVICE_FAMILY = 4;
				WATCHOS_DEPLOYMENT_TARGET = 6.0;
			};
			name = Debug;
		};
		7E0C42A5239BFC25008FAFFA /* Release */ = {
			isa = XCBuildConfiguration;
			buildSettings = {
				ALWAYS_EMBED_SWIFT_STANDARD_LIBRARIES = YES;
				ASSETCATALOG_COMPILER_APPICON_NAME = AppIcon;
				CODE_SIGN_STYLE = Automatic;
				DEVELOPMENT_TEAM = 3M86338C96;
				IBSC_MODULE = DanceHealthTrack_WatchKit_Extension;
				INFOPLIST_FILE = "DanceHealthTrack WatchKit App/Info.plist";
				PRODUCT_BUNDLE_IDENTIFIER = Team32.DanceHealth.DanceHealthTrack.watchkitapp;
				PRODUCT_NAME = "$(TARGET_NAME)";
				SDKROOT = watchos;
				SKIP_INSTALL = YES;
				SWIFT_VERSION = 5.0;
				TARGETED_DEVICE_FAMILY = 4;
				WATCHOS_DEPLOYMENT_TARGET = 6.0;
			};
			name = Release;
		};
		7E0C42A8239BFC25008FAFFA /* Debug */ = {
			isa = XCBuildConfiguration;
			buildSettings = {
				CODE_SIGN_STYLE = Automatic;
				CURRENT_PROJECT_VERSION = 1;
				DEVELOPMENT_TEAM = 3M86338C96;
				MARKETING_VERSION = 1.0;
				PRODUCT_BUNDLE_IDENTIFIER = Team32.DanceHealth.DanceHealthTrack;
				PRODUCT_NAME = "$(TARGET_NAME)";
				SWIFT_VERSION = 5.0;
			};
			name = Debug;
		};
		7E0C42A9239BFC25008FAFFA /* Release */ = {
			isa = XCBuildConfiguration;
			buildSettings = {
				CODE_SIGN_STYLE = Automatic;
				CURRENT_PROJECT_VERSION = 1;
				DEVELOPMENT_TEAM = 3M86338C96;
				MARKETING_VERSION = 1.0;
				PRODUCT_BUNDLE_IDENTIFIER = Team32.DanceHealth.DanceHealthTrack;
				PRODUCT_NAME = "$(TARGET_NAME)";
				SWIFT_VERSION = 5.0;
			};
			name = Release;
		};
/* End XCBuildConfiguration section */

/* Begin XCConfigurationList section */
		7E0C4278239BFC22008FAFFA /* Build configuration list for PBXProject "DanceHealthTrack" */ = {
			isa = XCConfigurationList;
			buildConfigurations = (
				7E0C429D239BFC25008FAFFA /* Debug */,
				7E0C429E239BFC25008FAFFA /* Release */,
			);
			defaultConfigurationIsVisible = 0;
			defaultConfigurationName = Release;
		};
		7E0C429F239BFC25008FAFFA /* Build configuration list for PBXNativeTarget "DanceHealthTrack WatchKit Extension" */ = {
			isa = XCConfigurationList;
			buildConfigurations = (
				7E0C42A0239BFC25008FAFFA /* Debug */,
				7E0C42A1239BFC25008FAFFA /* Release */,
			);
			defaultConfigurationIsVisible = 0;
			defaultConfigurationName = Release;
		};
		7E0C42A3239BFC25008FAFFA /* Build configuration list for PBXNativeTarget "DanceHealthTrack WatchKit App" */ = {
			isa = XCConfigurationList;
			buildConfigurations = (
				7E0C42A4239BFC25008FAFFA /* Debug */,
				7E0C42A5239BFC25008FAFFA /* Release */,
			);
			defaultConfigurationIsVisible = 0;
			defaultConfigurationName = Release;
		};
		7E0C42A7239BFC25008FAFFA /* Build configuration list for PBXNativeTarget "DanceHealthTrack" */ = {
			isa = XCConfigurationList;
			buildConfigurations = (
				7E0C42A8239BFC25008FAFFA /* Debug */,
				7E0C42A9239BFC25008FAFFA /* Release */,
			);
			defaultConfigurationIsVisible = 0;
			defaultConfigurationName = Release;
		};
/* End XCConfigurationList section */
	};
	rootObject = 7E0C4275239BFC22008FAFFA /* Project object */;
}
